// !$*UTF8*$!
{
	archiveVersion = 1;
	classes = {
	};
	objectVersion = 56;
	objects = {

/* Begin PBXBuildFile section */
		883C41C576FBA9BDF4FC088E /* Pods_News_Application.framework in Frameworks */ = {isa = PBXBuildFile; fileRef = 7AAB99213D396D4FA06CA1C6 /* Pods_News_Application.framework */; };
		B83B24292CEF3B5700AE186B /* AppDelegate.swift in Sources */ = {isa = PBXBuildFile; fileRef = B83B24282CEF3B5700AE186B /* AppDelegate.swift */; };
		B83B242B2CEF3B5700AE186B /* SceneDelegate.swift in Sources */ = {isa = PBXBuildFile; fileRef = B83B242A2CEF3B5700AE186B /* SceneDelegate.swift */; };
		B83B242D2CEF3B5700AE186B /* NewsViewController.swift in Sources */ = {isa = PBXBuildFile; fileRef = B83B242C2CEF3B5700AE186B /* NewsViewController.swift */; };
		B83B24302CEF3B5700AE186B /* Base in Resources */ = {isa = PBXBuildFile; fileRef = B83B242F2CEF3B5700AE186B /* Base */; };
		B83B24332CEF3B5700AE186B /* News_Application.xcdatamodeld in Sources */ = {isa = PBXBuildFile; fileRef = B83B24312CEF3B5700AE186B /* News_Application.xcdatamodeld */; };
		B83B24352CEF3B5700AE186B /* Assets.xcassets in Resources */ = {isa = PBXBuildFile; fileRef = B83B24342CEF3B5700AE186B /* Assets.xcassets */; };
		B83B24382CEF3B5700AE186B /* Base in Resources */ = {isa = PBXBuildFile; fileRef = B83B24372CEF3B5700AE186B /* Base */; };
		B83B24432CEF84CB00AE186B /* NetworkService.swift in Sources */ = {isa = PBXBuildFile; fileRef = B83B24422CEF84CB00AE186B /* NetworkService.swift */; };
		B83B24462CEF887000AE186B /* Article.swift in Sources */ = {isa = PBXBuildFile; fileRef = B83B24452CEF887000AE186B /* Article.swift */; };
		B83B24482CEF89C800AE186B /* ArticlesResponse.swift in Sources */ = {isa = PBXBuildFile; fileRef = B83B24472CEF89C800AE186B /* ArticlesResponse.swift */; };
		B8E894442CF05F6100E8D247 /* ArticleCell.swift in Sources */ = {isa = PBXBuildFile; fileRef = B8E894432CF05F6100E8D247 /* ArticleCell.swift */; };
		B8E894472CF060A900E8D247 /* NewsViewModel.swift in Sources */ = {isa = PBXBuildFile; fileRef = B8E894462CF060A900E8D247 /* NewsViewModel.swift */; };
		B8E8944A2CF0611800E8D247 /* WebViewController.swift in Sources */ = {isa = PBXBuildFile; fileRef = B8E894492CF0611800E8D247 /* WebViewController.swift */; };
		B8E8944E2CF1D50D00E8D247 /* CoreDataManager.swift in Sources */ = {isa = PBXBuildFile; fileRef = B8E8944D2CF1D50D00E8D247 /* CoreDataManager.swift */; };
		B8E894522CF1D53900E8D247 /* Liked+CoreDataProperties.swift in Sources */ = {isa = PBXBuildFile; fileRef = B8E894512CF1D53900E8D247 /* Liked+CoreDataProperties.swift */; };
		B8E894542CF1D62B00E8D247 /* Liked+CoreDataClass.swift in Sources */ = {isa = PBXBuildFile; fileRef = B8E894532CF1D62B00E8D247 /* Liked+CoreDataClass.swift */; };
/* End PBXBuildFile section */

/* Begin PBXFileReference section */
		3ADEC6115466DE681E408012 /* Pods-News Application.debug.xcconfig */ = {isa = PBXFileReference; includeInIndex = 1; lastKnownFileType = text.xcconfig; name = "Pods-News Application.debug.xcconfig"; path = "Target Support Files/Pods-News Application/Pods-News Application.debug.xcconfig"; sourceTree = "<group>"; };
		5E3571F07244DAF3AA3D4940 /* Pods-News Application.release.xcconfig */ = {isa = PBXFileReference; includeInIndex = 1; lastKnownFileType = text.xcconfig; name = "Pods-News Application.release.xcconfig"; path = "Target Support Files/Pods-News Application/Pods-News Application.release.xcconfig"; sourceTree = "<group>"; };
		7AAB99213D396D4FA06CA1C6 /* Pods_News_Application.framework */ = {isa = PBXFileReference; explicitFileType = wrapper.framework; includeInIndex = 0; path = Pods_News_Application.framework; sourceTree = BUILT_PRODUCTS_DIR; };
		B83B24252CEF3B5700AE186B /* News Application.app */ = {isa = PBXFileReference; explicitFileType = wrapper.application; includeInIndex = 0; path = "News Application.app"; sourceTree = BUILT_PRODUCTS_DIR; };
		B83B24282CEF3B5700AE186B /* AppDelegate.swift */ = {isa = PBXFileReference; lastKnownFileType = sourcecode.swift; path = AppDelegate.swift; sourceTree = "<group>"; };
		B83B242A2CEF3B5700AE186B /* SceneDelegate.swift */ = {isa = PBXFileReference; lastKnownFileType = sourcecode.swift; path = SceneDelegate.swift; sourceTree = "<group>"; };
		B83B242C2CEF3B5700AE186B /* NewsViewController.swift */ = {isa = PBXFileReference; lastKnownFileType = sourcecode.swift; path = NewsViewController.swift; sourceTree = "<group>"; };
		B83B242F2CEF3B5700AE186B /* Base */ = {isa = PBXFileReference; lastKnownFileType = file.storyboard; name = Base; path = Base.lproj/Main.storyboard; sourceTree = "<group>"; };
		B83B24322CEF3B5700AE186B /* News_Application.xcdatamodel */ = {isa = PBXFileReference; lastKnownFileType = wrapper.xcdatamodel; path = News_Application.xcdatamodel; sourceTree = "<group>"; };
		B83B24342CEF3B5700AE186B /* Assets.xcassets */ = {isa = PBXFileReference; lastKnownFileType = folder.assetcatalog; path = Assets.xcassets; sourceTree = "<group>"; };
		B83B24372CEF3B5700AE186B /* Base */ = {isa = PBXFileReference; lastKnownFileType = file.storyboard; name = Base; path = Base.lproj/LaunchScreen.storyboard; sourceTree = "<group>"; };
		B83B24392CEF3B5700AE186B /* Info.plist */ = {isa = PBXFileReference; lastKnownFileType = text.plist.xml; path = Info.plist; sourceTree = "<group>"; };
		B83B24422CEF84CB00AE186B /* NetworkService.swift */ = {isa = PBXFileReference; lastKnownFileType = sourcecode.swift; path = NetworkService.swift; sourceTree = "<group>"; };
		B83B24452CEF887000AE186B /* Article.swift */ = {isa = PBXFileReference; lastKnownFileType = sourcecode.swift; path = Article.swift; sourceTree = "<group>"; };
		B83B24472CEF89C800AE186B /* ArticlesResponse.swift */ = {isa = PBXFileReference; lastKnownFileType = sourcecode.swift; path = ArticlesResponse.swift; sourceTree = "<group>"; };
		B8E894432CF05F6100E8D247 /* ArticleCell.swift */ = {isa = PBXFileReference; lastKnownFileType = sourcecode.swift; path = ArticleCell.swift; sourceTree = "<group>"; };
		B8E894462CF060A900E8D247 /* NewsViewModel.swift */ = {isa = PBXFileReference; lastKnownFileType = sourcecode.swift; path = NewsViewModel.swift; sourceTree = "<group>"; };
		B8E894492CF0611800E8D247 /* WebViewController.swift */ = {isa = PBXFileReference; lastKnownFileType = sourcecode.swift; path = WebViewController.swift; sourceTree = "<group>"; };
		B8E8944D2CF1D50D00E8D247 /* CoreDataManager.swift */ = {isa = PBXFileReference; lastKnownFileType = sourcecode.swift; path = CoreDataManager.swift; sourceTree = "<group>"; };
		B8E894512CF1D53900E8D247 /* Liked+CoreDataProperties.swift */ = {isa = PBXFileReference; lastKnownFileType = sourcecode.swift; name = "Liked+CoreDataProperties.swift"; path = "/Users/assel/Desktop/SWIFT/News Application/News Application/Model/Liked+CoreDataProperties.swift"; sourceTree = "<absolute>"; };
		B8E894532CF1D62B00E8D247 /* Liked+CoreDataClass.swift */ = {isa = PBXFileReference; fileEncoding = 4; lastKnownFileType = sourcecode.swift; name = "Liked+CoreDataClass.swift"; path = "../../../../../Library/Mobile Documents/.Trash/Liked+CoreDataClass.swift"; sourceTree = "<group>"; };
/* End PBXFileReference section */

/* Begin PBXFrameworksBuildPhase section */
		B83B24222CEF3B5700AE186B /* Frameworks */ = {
			isa = PBXFrameworksBuildPhase;
			buildActionMask = 2147483647;
			files = (
				883C41C576FBA9BDF4FC088E /* Pods_News_Application.framework in Frameworks */,
			);
			runOnlyForDeploymentPostprocessing = 0;
		};
/* End PBXFrameworksBuildPhase section */

/* Begin PBXGroup section */
		5269E011F9B20A066B1F90FE /* Frameworks */ = {
			isa = PBXGroup;
			children = (
				7AAB99213D396D4FA06CA1C6 /* Pods_News_Application.framework */,
			);
			name = Frameworks;
			sourceTree = "<group>";
		};
		B83B241C2CEF3B5700AE186B = {
			isa = PBXGroup;
			children = (
				B83B24272CEF3B5700AE186B /* News Application */,
				B83B24262CEF3B5700AE186B /* Products */,
				E2D1F8C041DB33044BABCCB5 /* Pods */,
				5269E011F9B20A066B1F90FE /* Frameworks */,
			);
			sourceTree = "<group>";
		};
		B83B24262CEF3B5700AE186B /* Products */ = {
			isa = PBXGroup;
			children = (
				B83B24252CEF3B5700AE186B /* News Application.app */,
			);
			name = Products;
			sourceTree = "<group>";
		};
		B83B24272CEF3B5700AE186B /* News Application */ = {
			isa = PBXGroup;
			children = (
				B8E894482CF0610B00E8D247 /* Controllers */,
				B8E894452CF0609400E8D247 /* ViewModel */,
				B8E894422CF05F5100E8D247 /* Views */,
				B83B24442CEF85DB00AE186B /* Model */,
				B83B24412CEF849400AE186B /* Services */,
				B83B24282CEF3B5700AE186B /* AppDelegate.swift */,
				B83B242A2CEF3B5700AE186B /* SceneDelegate.swift */,
				B83B242E2CEF3B5700AE186B /* Main.storyboard */,
				B83B24342CEF3B5700AE186B /* Assets.xcassets */,
				B83B24362CEF3B5700AE186B /* LaunchScreen.storyboard */,
				B83B24392CEF3B5700AE186B /* Info.plist */,
				B83B24312CEF3B5700AE186B /* News_Application.xcdatamodeld */,
			);
			path = "News Application";
			sourceTree = "<group>";
		};
		B83B24412CEF849400AE186B /* Services */ = {
			isa = PBXGroup;
			children = (
				B83B24422CEF84CB00AE186B /* NetworkService.swift */,
				B8E8944D2CF1D50D00E8D247 /* CoreDataManager.swift */,
			);
			path = Services;
			sourceTree = "<group>";
		};
		B83B24442CEF85DB00AE186B /* Model */ = {
			isa = PBXGroup;
			children = (
				B8E894532CF1D62B00E8D247 /* Liked+CoreDataClass.swift */,
				B8E894512CF1D53900E8D247 /* Liked+CoreDataProperties.swift */,
				B83B24452CEF887000AE186B /* Article.swift */,
				B83B24472CEF89C800AE186B /* ArticlesResponse.swift */,
			);
			path = Model;
			sourceTree = "<group>";
		};
		B8E894422CF05F5100E8D247 /* Views */ = {
			isa = PBXGroup;
			children = (
				B8E894432CF05F6100E8D247 /* ArticleCell.swift */,
			);
			path = Views;
			sourceTree = "<group>";
		};
		B8E894452CF0609400E8D247 /* ViewModel */ = {
			isa = PBXGroup;
			children = (
				B8E894462CF060A900E8D247 /* NewsViewModel.swift */,
			);
			path = ViewModel;
			sourceTree = "<group>";
		};
		B8E894482CF0610B00E8D247 /* Controllers */ = {
			isa = PBXGroup;
			children = (
				B8E894492CF0611800E8D247 /* WebViewController.swift */,
				B83B242C2CEF3B5700AE186B /* NewsViewController.swift */,
			);
			path = Controllers;
			sourceTree = "<group>";
		};
		E2D1F8C041DB33044BABCCB5 /* Pods */ = {
			isa = PBXGroup;
			children = (
				3ADEC6115466DE681E408012 /* Pods-News Application.debug.xcconfig */,
				5E3571F07244DAF3AA3D4940 /* Pods-News Application.release.xcconfig */,
			);
			path = Pods;
			sourceTree = "<group>";
		};
/* End PBXGroup section */

/* Begin PBXNativeTarget section */
		B83B24242CEF3B5700AE186B /* News Application */ = {
			isa = PBXNativeTarget;
			buildConfigurationList = B83B243C2CEF3B5700AE186B /* Build configuration list for PBXNativeTarget "News Application" */;
			buildPhases = (
				2A4B7B25150DC3AC5D117E78 /* [CP] Check Pods Manifest.lock */,
				B83B24212CEF3B5700AE186B /* Sources */,
				B83B24222CEF3B5700AE186B /* Frameworks */,
				B83B24232CEF3B5700AE186B /* Resources */,
				70379F192CB1B56C8CD2F9EC /* [CP] Embed Pods Frameworks */,
			);
			buildRules = (
			);
			dependencies = (
			);
			name = "News Application";
			productName = "News Application";
			productReference = B83B24252CEF3B5700AE186B /* News Application.app */;
			productType = "com.apple.product-type.application";
		};
/* End PBXNativeTarget section */

/* Begin PBXProject section */
		B83B241D2CEF3B5700AE186B /* Project object */ = {
			isa = PBXProject;
			attributes = {
				BuildIndependentTargetsInParallel = 1;
				LastSwiftUpdateCheck = 1540;
				LastUpgradeCheck = 1540;
				TargetAttributes = {
					B83B24242CEF3B5700AE186B = {
						CreatedOnToolsVersion = 15.4;
					};
				};
			};
			buildConfigurationList = B83B24202CEF3B5700AE186B /* Build configuration list for PBXProject "News Application" */;
			compatibilityVersion = "Xcode 14.0";
			developmentRegion = en;
			hasScannedForEncodings = 0;
			knownRegions = (
				en,
				Base,
			);
			mainGroup = B83B241C2CEF3B5700AE186B;
			productRefGroup = B83B24262CEF3B5700AE186B /* Products */;
			projectDirPath = "";
			projectRoot = "";
			targets = (
				B83B24242CEF3B5700AE186B /* News Application */,
			);
		};
/* End PBXProject section */

/* Begin PBXResourcesBuildPhase section */
		B83B24232CEF3B5700AE186B /* Resources */ = {
			isa = PBXResourcesBuildPhase;
			buildActionMask = 2147483647;
			files = (
				B83B24352CEF3B5700AE186B /* Assets.xcassets in Resources */,
				B83B24382CEF3B5700AE186B /* Base in Resources */,
				B83B24302CEF3B5700AE186B /* Base in Resources */,
			);
			runOnlyForDeploymentPostprocessing = 0;
		};
/* End PBXResourcesBuildPhase section */

/* Begin PBXShellScriptBuildPhase section */
		2A4B7B25150DC3AC5D117E78 /* [CP] Check Pods Manifest.lock */ = {
			isa = PBXShellScriptBuildPhase;
			buildActionMask = 2147483647;
			files = (
			);
			inputFileListPaths = (
			);
			inputPaths = (
				"${PODS_PODFILE_DIR_PATH}/Podfile.lock",
				"${PODS_ROOT}/Manifest.lock",
			);
			name = "[CP] Check Pods Manifest.lock";
			outputFileListPaths = (
			);
			outputPaths = (
				"$(DERIVED_FILE_DIR)/Pods-News Application-checkManifestLockResult.txt",
			);
			runOnlyForDeploymentPostprocessing = 0;
			shellPath = /bin/sh;
			shellScript = "diff \"${PODS_PODFILE_DIR_PATH}/Podfile.lock\" \"${PODS_ROOT}/Manifest.lock\" > /dev/null\nif [ $? != 0 ] ; then\n    # print error to STDERR\n    echo \"error: The sandbox is not in sync with the Podfile.lock. Run 'pod install' or update your CocoaPods installation.\" >&2\n    exit 1\nfi\n# This output is used by Xcode 'outputs' to avoid re-running this script phase.\necho \"SUCCESS\" > \"${SCRIPT_OUTPUT_FILE_0}\"\n";
			showEnvVarsInLog = 0;
		};
		70379F192CB1B56C8CD2F9EC /* [CP] Embed Pods Frameworks */ = {
			isa = PBXShellScriptBuildPhase;
			buildActionMask = 2147483647;
			files = (
			);
			inputFileListPaths = (
				"${PODS_ROOT}/Target Support Files/Pods-News Application/Pods-News Application-frameworks-${CONFIGURATION}-input-files.xcfilelist",
			);
			name = "[CP] Embed Pods Frameworks";
			outputFileListPaths = (
				"${PODS_ROOT}/Target Support Files/Pods-News Application/Pods-News Application-frameworks-${CONFIGURATION}-output-files.xcfilelist",
			);
			runOnlyForDeploymentPostprocessing = 0;
			shellPath = /bin/sh;
			shellScript = "\"${PODS_ROOT}/Target Support Files/Pods-News Application/Pods-News Application-frameworks.sh\"\n";
			showEnvVarsInLog = 0;
		};
/* End PBXShellScriptBuildPhase section */

/* Begin PBXSourcesBuildPhase section */
		B83B24212CEF3B5700AE186B /* Sources */ = {
			isa = PBXSourcesBuildPhase;
			buildActionMask = 2147483647;
			files = (
				B83B24482CEF89C800AE186B /* ArticlesResponse.swift in Sources */,
				B8E894472CF060A900E8D247 /* NewsViewModel.swift in Sources */,
				B83B24432CEF84CB00AE186B /* NetworkService.swift in Sources */,
				B8E894442CF05F6100E8D247 /* ArticleCell.swift in Sources */,
				B83B242D2CEF3B5700AE186B /* NewsViewController.swift in Sources */,
				B8E894522CF1D53900E8D247 /* Liked+CoreDataProperties.swift in Sources */,
				B8E8944A2CF0611800E8D247 /* WebViewController.swift in Sources */,
				B8E8944E2CF1D50D00E8D247 /* CoreDataManager.swift in Sources */,
				B83B24462CEF887000AE186B /* Article.swift in Sources */,
				B83B24332CEF3B5700AE186B /* News_Application.xcdatamodeld in Sources */,
				B83B24292CEF3B5700AE186B /* AppDelegate.swift in Sources */,
				B8E894542CF1D62B00E8D247 /* Liked+CoreDataClass.swift in Sources */,
				B83B242B2CEF3B5700AE186B /* SceneDelegate.swift in Sources */,
			);
			runOnlyForDeploymentPostprocessing = 0;
		};
/* End PBXSourcesBuildPhase section */

/* Begin PBXVariantGroup section */
		B83B242E2CEF3B5700AE186B /* Main.storyboard */ = {
			isa = PBXVariantGroup;
			children = (
				B83B242F2CEF3B5700AE186B /* Base */,
			);
			name = Main.storyboard;
			sourceTree = "<group>";
		};
		B83B24362CEF3B5700AE186B /* LaunchScreen.storyboard */ = {
			isa = PBXVariantGroup;
			children = (
				B83B24372CEF3B5700AE186B /* Base */,
			);
			name = LaunchScreen.storyboard;
			sourceTree = "<group>";
		};
/* End PBXVariantGroup section */

/* Begin XCBuildConfiguration section */
		B83B243A2CEF3B5700AE186B /* Debug */ = {
			isa = XCBuildConfiguration;
			buildSettings = {
				ALWAYS_SEARCH_USER_PATHS = NO;
				ASSETCATALOG_COMPILER_GENERATE_SWIFT_ASSET_SYMBOL_EXTENSIONS = YES;
				CLANG_ANALYZER_NONNULL = YES;
				CLANG_ANALYZER_NUMBER_OBJECT_CONVERSION = YES_AGGRESSIVE;
				CLANG_CXX_LANGUAGE_STANDARD = "gnu++20";
				CLANG_ENABLE_MODULES = YES;
				CLANG_ENABLE_OBJC_ARC = YES;
				CLANG_ENABLE_OBJC_WEAK = YES;
				CLANG_WARN_BLOCK_CAPTURE_AUTORELEASING = YES;
				CLANG_WARN_BOOL_CONVERSION = YES;
				CLANG_WARN_COMMA = YES;
				CLANG_WARN_CONSTANT_CONVERSION = YES;
				CLANG_WARN_DEPRECATED_OBJC_IMPLEMENTATIONS = YES;
				CLANG_WARN_DIRECT_OBJC_ISA_USAGE = YES_ERROR;
				CLANG_WARN_DOCUMENTATION_COMMENTS = YES;
				CLANG_WARN_EMPTY_BODY = YES;
				CLANG_WARN_ENUM_CONVERSION = YES;
				CLANG_WARN_INFINITE_RECURSION = YES;
				CLANG_WARN_INT_CONVERSION = YES;
				CLANG_WARN_NON_LITERAL_NULL_CONVERSION = YES;
				CLANG_WARN_OBJC_IMPLICIT_RETAIN_SELF = YES;
				CLANG_WARN_OBJC_LITERAL_CONVERSION = YES;
				CLANG_WARN_OBJC_ROOT_CLASS = YES_ERROR;
				CLANG_WARN_QUOTED_INCLUDE_IN_FRAMEWORK_HEADER = YES;
				CLANG_WARN_RANGE_LOOP_ANALYSIS = YES;
				CLANG_WARN_STRICT_PROTOTYPES = YES;
				CLANG_WARN_SUSPICIOUS_MOVE = YES;
				CLANG_WARN_UNGUARDED_AVAILABILITY = YES_AGGRESSIVE;
				CLANG_WARN_UNREACHABLE_CODE = YES;
				CLANG_WARN__DUPLICATE_METHOD_MATCH = YES;
				COPY_PHASE_STRIP = NO;
				DEBUG_INFORMATION_FORMAT = dwarf;
				ENABLE_STRICT_OBJC_MSGSEND = YES;
				ENABLE_TESTABILITY = YES;
				ENABLE_USER_SCRIPT_SANDBOXING = NO;
				GCC_C_LANGUAGE_STANDARD = gnu17;
				GCC_DYNAMIC_NO_PIC = NO;
				GCC_NO_COMMON_BLOCKS = YES;
				GCC_OPTIMIZATION_LEVEL = 0;
				GCC_PREPROCESSOR_DEFINITIONS = (
					"DEBUG=1",
					"$(inherited)",
				);
				GCC_WARN_64_TO_32_BIT_CONVERSION = YES;
				GCC_WARN_ABOUT_RETURN_TYPE = YES_ERROR;
				GCC_WARN_UNDECLARED_SELECTOR = YES;
				GCC_WARN_UNINITIALIZED_AUTOS = YES_AGGRESSIVE;
				GCC_WARN_UNUSED_FUNCTION = YES;
				GCC_WARN_UNUSED_VARIABLE = YES;
				IPHONEOS_DEPLOYMENT_TARGET = 17.5;
				LOCALIZATION_PREFERS_STRING_CATALOGS = YES;
				MTL_ENABLE_DEBUG_INFO = INCLUDE_SOURCE;
				MTL_FAST_MATH = YES;
				ONLY_ACTIVE_ARCH = YES;
				SDKROOT = iphoneos;
				SWIFT_ACTIVE_COMPILATION_CONDITIONS = "DEBUG $(inherited)";
				SWIFT_OPTIMIZATION_LEVEL = "-Onone";
			};
			name = Debug;
		};
		B83B243B2CEF3B5700AE186B /* Release */ = {
			isa = XCBuildConfiguration;
			buildSettings = {
				ALWAYS_SEARCH_USER_PATHS = NO;
				ASSETCATALOG_COMPILER_GENERATE_SWIFT_ASSET_SYMBOL_EXTENSIONS = YES;
				CLANG_ANALYZER_NONNULL = YES;
				CLANG_ANALYZER_NUMBER_OBJECT_CONVERSION = YES_AGGRESSIVE;
				CLANG_CXX_LANGUAGE_STANDARD = "gnu++20";
				CLANG_ENABLE_MODULES = YES;
				CLANG_ENABLE_OBJC_ARC = YES;
				CLANG_ENABLE_OBJC_WEAK = YES;
				CLANG_WARN_BLOCK_CAPTURE_AUTORELEASING = YES;
				CLANG_WARN_BOOL_CONVERSION = YES;
				CLANG_WARN_COMMA = YES;
				CLANG_WARN_CONSTANT_CONVERSION = YES;
				CLANG_WARN_DEPRECATED_OBJC_IMPLEMENTATIONS = YES;
				CLANG_WARN_DIRECT_OBJC_ISA_USAGE = YES_ERROR;
				CLANG_WARN_DOCUMENTATION_COMMENTS = YES;
				CLANG_WARN_EMPTY_BODY = YES;
				CLANG_WARN_ENUM_CONVERSION = YES;
				CLANG_WARN_INFINITE_RECURSION = YES;
				CLANG_WARN_INT_CONVERSION = YES;
				CLANG_WARN_NON_LITERAL_NULL_CONVERSION = YES;
				CLANG_WARN_OBJC_IMPLICIT_RETAIN_SELF = YES;
				CLANG_WARN_OBJC_LITERAL_CONVERSION = YES;
				CLANG_WARN_OBJC_ROOT_CLASS = YES_ERROR;
				CLANG_WARN_QUOTED_INCLUDE_IN_FRAMEWORK_HEADER = YES;
				CLANG_WARN_RANGE_LOOP_ANALYSIS = YES;
				CLANG_WARN_STRICT_PROTOTYPES = YES;
				CLANG_WARN_SUSPICIOUS_MOVE = YES;
				CLANG_WARN_UNGUARDED_AVAILABILITY = YES_AGGRESSIVE;
				CLANG_WARN_UNREACHABLE_CODE = YES;
				CLANG_WARN__DUPLICATE_METHOD_MATCH = YES;
				COPY_PHASE_STRIP = NO;
				DEBUG_INFORMATION_FORMAT = "dwarf-with-dsym";
				ENABLE_NS_ASSERTIONS = NO;
				ENABLE_STRICT_OBJC_MSGSEND = YES;
				ENABLE_USER_SCRIPT_SANDBOXING = NO;
				GCC_C_LANGUAGE_STANDARD = gnu17;
				GCC_NO_COMMON_BLOCKS = YES;
				GCC_WARN_64_TO_32_BIT_CONVERSION = YES;
				GCC_WARN_ABOUT_RETURN_TYPE = YES_ERROR;
				GCC_WARN_UNDECLARED_SELECTOR = YES;
				GCC_WARN_UNINITIALIZED_AUTOS = YES_AGGRESSIVE;
				GCC_WARN_UNUSED_FUNCTION = YES;
				GCC_WARN_UNUSED_VARIABLE = YES;
				IPHONEOS_DEPLOYMENT_TARGET = 17.5;
				LOCALIZATION_PREFERS_STRING_CATALOGS = YES;
				MTL_ENABLE_DEBUG_INFO = NO;
				MTL_FAST_MATH = YES;
				SDKROOT = iphoneos;
				SWIFT_COMPILATION_MODE = wholemodule;
				VALIDATE_PRODUCT = YES;
			};
			name = Release;
		};
		B83B243D2CEF3B5700AE186B /* Debug */ = {
			isa = XCBuildConfiguration;
			baseConfigurationReference = 3ADEC6115466DE681E408012 /* Pods-News Application.debug.xcconfig */;
			buildSettings = {
				ASSETCATALOG_COMPILER_APPICON_NAME = AppIcon;
				ASSETCATALOG_COMPILER_GLOBAL_ACCENT_COLOR_NAME = AccentColor;
				CODE_SIGN_STYLE = Automatic;
				CURRENT_PROJECT_VERSION = 1;
				GENERATE_INFOPLIST_FILE = YES;
				INFOPLIST_FILE = "News Application/Info.plist";
				INFOPLIST_KEY_UIApplicationSupportsIndirectInputEvents = YES;
				INFOPLIST_KEY_UILaunchStoryboardName = LaunchScreen;
				INFOPLIST_KEY_UIMainStoryboardFile = Main;
				INFOPLIST_KEY_UISupportedInterfaceOrientations_iPad = "UIInterfaceOrientationPortrait UIInterfaceOrientationPortraitUpsideDown UIInterfaceOrientationLandscapeLeft UIInterfaceOrientationLandscapeRight";
				INFOPLIST_KEY_UISupportedInterfaceOrientations_iPhone = "UIInterfaceOrientationPortrait UIInterfaceOrientationLandscapeLeft UIInterfaceOrientationLandscapeRight";
				LD_RUNPATH_SEARCH_PATHS = (
					"$(inherited)",
					"@executable_path/Frameworks",
				);
				MARKETING_VERSION = 1.0;
				PRODUCT_BUNDLE_IDENTIFIER = "io.Assel.News-Application";
				PRODUCT_NAME = "$(TARGET_NAME)";
				SWIFT_EMIT_LOC_STRINGS = YES;
				SWIFT_VERSION = 5.0;
				TARGETED_DEVICE_FAMILY = "1,2";
			};
			name = Debug;
		};
		B83B243E2CEF3B5700AE186B /* Release */ = {
			isa = XCBuildConfiguration;
			baseConfigurationReference = 5E3571F07244DAF3AA3D4940 /* Pods-News Application.release.xcconfig */;
			buildSettings = {
				ASSETCATALOG_COMPILER_APPICON_NAME = AppIcon;
				ASSETCATALOG_COMPILER_GLOBAL_ACCENT_COLOR_NAME = AccentColor;
				CODE_SIGN_STYLE = Automatic;
				CURRENT_PROJECT_VERSION = 1;
				GENERATE_INFOPLIST_FILE = YES;
				INFOPLIST_FILE = "News Application/Info.plist";
				INFOPLIST_KEY_UIApplicationSupportsIndirectInputEvents = YES;
				INFOPLIST_KEY_UILaunchStoryboardName = LaunchScreen;
				INFOPLIST_KEY_UIMainStoryboardFile = Main;
				INFOPLIST_KEY_UISupportedInterfaceOrientations_iPad = "UIInterfaceOrientationPortrait UIInterfaceOrientationPortraitUpsideDown UIInterfaceOrientationLandscapeLeft UIInterfaceOrientationLandscapeRight";
				INFOPLIST_KEY_UISupportedInterfaceOrientations_iPhone = "UIInterfaceOrientationPortrait UIInterfaceOrientationLandscapeLeft UIInterfaceOrientationLandscapeRight";
				LD_RUNPATH_SEARCH_PATHS = (
					"$(inherited)",
					"@executable_path/Frameworks",
				);
				MARKETING_VERSION = 1.0;
				PRODUCT_BUNDLE_IDENTIFIER = "io.Assel.News-Application";
				PRODUCT_NAME = "$(TARGET_NAME)";
				SWIFT_EMIT_LOC_STRINGS = YES;
				SWIFT_VERSION = 5.0;
				TARGETED_DEVICE_FAMILY = "1,2";
			};
			name = Release;
		};
/* End XCBuildConfiguration section */

/* Begin XCConfigurationList section */
		B83B24202CEF3B5700AE186B /* Build configuration list for PBXProject "News Application" */ = {
			isa = XCConfigurationList;
			buildConfigurations = (
				B83B243A2CEF3B5700AE186B /* Debug */,
				B83B243B2CEF3B5700AE186B /* Release */,
			);
			defaultConfigurationIsVisible = 0;
			defaultConfigurationName = Release;
		};
		B83B243C2CEF3B5700AE186B /* Build configuration list for PBXNativeTarget "News Application" */ = {
			isa = XCConfigurationList;
			buildConfigurations = (
				B83B243D2CEF3B5700AE186B /* Debug */,
				B83B243E2CEF3B5700AE186B /* Release */,
			);
			defaultConfigurationIsVisible = 0;
			defaultConfigurationName = Release;
		};
/* End XCConfigurationList section */

/* Begin XCVersionGroup section */
		B83B24312CEF3B5700AE186B /* News_Application.xcdatamodeld */ = {
			isa = XCVersionGroup;
			children = (
				B83B24322CEF3B5700AE186B /* News_Application.xcdatamodel */,
			);
			currentVersion = B83B24322CEF3B5700AE186B /* News_Application.xcdatamodel */;
			path = News_Application.xcdatamodeld;
			sourceTree = "<group>";
			versionGroupType = wrapper.xcdatamodel;
		};
/* End XCVersionGroup section */
	};
	rootObject = B83B241D2CEF3B5700AE186B /* Project object */;
}
